
Microsoft Visual Studio Solution File, Format Version 12.00
# Visual Studio Version 17
VisualStudioVersion = 17.12.35707.178 d17.12
MinimumVisualStudioVersion = 10.0.40219.1
Project("{FAE04EC0-301F-11D3-BF4B-00C04F79EFBC}") = "Implementación y Operaciones", "Implementación y Operaciones\Implementación y Operaciones.csproj", "{FF67B955-4D8C-41E6-8ECD-0F36E205CBD2}"
EndProject
Global
	GlobalSection(SolutionConfigurationPlatforms) = preSolution
		Debug|Any CPU = Debug|Any CPU
		Release|Any CPU = Release|Any CPU
	EndGlobalSection
	GlobalSection(ProjectConfigurationPlatforms) = postSolution
		{FF67B955-4D8C-41E6-8ECD-0F36E205CBD2}.Debug|Any CPU.ActiveCfg = Debug|Any CPU
		{FF67B955-4D8C-41E6-8ECD-0F36E205CBD2}.Debug|Any CPU.Build.0 = Debug|Any CPU
		{FF67B955-4D8C-41E6-8ECD-0F36E205CBD2}.Release|Any CPU.ActiveCfg = Release|Any CPU
		{FF67B955-4D8C-41E6-8ECD-0F36E205CBD2}.Release|Any CPU.Build.0 = Release|Any CPU
	EndGlobalSection
	GlobalSection(SolutionProperties) = preSolution
		HideSolutionNode = FALSE
	EndGlobalSection
EndGlobal
